Microsoft Visual Studio Solution File, Format Version 12.00
# Visual Studio Version 17
VisualStudioVersion = 17.5.2.0
MinimumVisualStudioVersion = 10.0.40219.1
Project("{FAE04EC0-301F-11D3-BF4B-00C04F79EFBC}") = "final-api", "final-api.csproj", "{B9A7B0C2-0DC6-02DF-BF99-6B3B8B47DC58}"
EndProject
Global
	GlobalSection(SolutionConfigurationPlatforms) = preSolution
		Debug|Any CPU = Debug|Any CPU
		Release|Any CPU = Release|Any CPU
	EndGlobalSection
	GlobalSection(ProjectConfigurationPlatforms) = postSolution
		{B9A7B0C2-0DC6-02DF-BF99-6B3B8B47DC58}.Debug|Any CPU.ActiveCfg = Debug|Any CPU
		{B9A7B0C2-0DC6-02DF-BF99-6B3B8B47DC58}.Debug|Any CPU.Build.0 = Debug|Any CPU
		{B9A7B0C2-0DC6-02DF-BF99-6B3B8B47DC58}.Release|Any CPU.ActiveCfg = Release|Any CPU
		{B9A7B0C2-0DC6-02DF-BF99-6B3B8B47DC58}.Release|Any CPU.Build.0 = Release|Any CPU
	EndGlobalSection
	GlobalSection(SolutionProperties) = preSolution
		HideSolutionNode = FALSE
	EndGlobalSection
	GlobalSection(ExtensibilityGlobals) = postSolution
		SolutionGuid = {FEFE98FB-26DE-46C8-9527-8C4CC14E4F9B}
	EndGlobalSection
EndGlobal
